{
  "lockfileVersion": 1,
  "configVersion": 0,
  "workspaces": {
    "": {
      "name": "file-scanner-worker",
      "dependencies": {
        "@types/bun": "^1.3.11",
        "clamscan": "^2.4.0",
        "dotenv": "^17.2.3",
        "node-appwrite": "^20.3.0",
        "redis": "^5.9.0",
      },
    },
  },
  "packages": {
    "@redis/bloom": ["@redis/bloom@5.9.0", "", { "peerDependencies": { "@redis/client": "^5.9.0" } }, "sha512-W9D8yfKTWl4tP8lkC3MRYkMz4OfbuzE/W8iObe0jFgoRmgMfkBV+Vj38gvIqZPImtY0WB34YZkX3amYuQebvRQ=="],

    "@redis/client": ["@redis/client@5.9.0", "", { "dependencies": { "cluster-key-slot": "1.1.2" } }, "sha512-EI0Ti5pojD2p7TmcS7RRa+AJVahdQvP/urpcSbK/K9Rlk6+dwMJTQ354pCNGCwfke8x4yKr5+iH85wcERSkwLQ=="],

    "@redis/json": ["@redis/json@5.9.0", "", { "peerDependencies": { "@redis/client": "^5.9.0" } }, "sha512-Bm2jjLYaXdUWPb9RaEywxnjmzw7dWKDZI4MS79mTWPV16R982jVWBj6lY2ZGelJbwxHtEVg4/FSVgYDkuO/MxA=="],

    "@redis/search": ["@redis/search@5.9.0", "", { "peerDependencies": { "@redis/client": "^5.9.0" } }, "sha512-jdk2csmJ29DlpvCIb2ySjix2co14/0iwIT3C0I+7ZaToXgPbgBMB+zfEilSuncI2F9JcVxHki0YtLA0xX3VdpA=="],

    "@redis/time-series": ["@redis/time-series@5.9.0", "", { "peerDependencies": { "@redis/client": "^5.9.0" } }, "sha512-W6ILxcyOqhnI7ELKjJXOktIg3w4+aBHugDbVpgVLPZ+YDjObis1M0v7ZzwlpXhlpwsfePfipeSK+KWNuymk52w=="],

    "@types/bun": ["@types/bun@1.3.11", "", { "dependencies": { "bun-types": "1.3.11" } }, "sha512-5vPne5QvtpjGpsGYXiFyycfpDF2ECyPcTSsFBMa0fraoxiQyMJ3SmuQIGhzPg2WJuWxVBoxWJ2kClYTcw/4fAg=="],

    "@types/node": ["@types/node@25.5.0", "", { "dependencies": { "undici-types": "~7.18.0" } }, "sha512-jp2P3tQMSxWugkCUKLRPVUpGaL5MVFwF8RDuSRztfwgN1wmqJeMSbKlnEtQqU8UrhTmzEmZdu2I6v2dpp7XIxw=="],

    "bun-types": ["bun-types@1.3.11", "", { "dependencies": { "@types/node": "*" } }, "sha512-1KGPpoxQWl9f6wcZh57LvrPIInQMn2TQ7jsgxqpRzg+l0QPOFvJVH7HmvHo/AiPgwXy+/Thf6Ov3EdVn1vOabg=="],

    "clamscan": ["clamscan@2.4.0", "", {}, "sha512-XBOxUiGOcQGuKmCn5qaM5rIK153fGCwsvJMbjVtcnNJ+j/YHrSj2gKNjyP65yr/E8JsKTTDtKYFG++p7Lzigyw=="],

    "cluster-key-slot": ["cluster-key-slot@1.1.2", "", {}, "sha512-RMr0FhtfXemyinomL4hrWcYJxmX6deFdCxpJzhDttxgO1+bcCnkk+9drydLVDmAMG7NE6aN/fl4F7ucU/90gAA=="],

    "dotenv": ["dotenv@17.2.3", "", {}, "sha512-JVUnt+DUIzu87TABbhPmNfVdBDt18BLOWjMUFJMSi/Qqg7NTYtabbvSNJGOJ7afbRuv9D/lngizHtP7QyLQ+9w=="],

    "node-appwrite": ["node-appwrite@20.3.0", "", { "dependencies": { "node-fetch-native-with-agent": "1.7.2" } }, "sha512-vaxlpkNTtjkccyngwc9HRSwQQasZ/CJri6KMZ62mlDAM1YdvOgqIM8EYJwvhx/fiHdyjfxithFcmnvzUR9TGTQ=="],

    "node-fetch-native-with-agent": ["node-fetch-native-with-agent@1.7.2", "", {}, "sha512-5MaOOCuJEvcckoz7/tjdx1M6OusOY6Xc5f459IaruGStWnKzlI1qpNgaAwmn4LmFYcsSlj+jBMk84wmmRxfk5g=="],

    "redis": ["redis@5.9.0", "", { "dependencies": { "@redis/bloom": "5.9.0", "@redis/client": "5.9.0", "@redis/json": "5.9.0", "@redis/search": "5.9.0", "@redis/time-series": "5.9.0" } }, "sha512-E8dQVLSyH6UE/C9darFuwq4usOPrqfZ1864kI4RFbr5Oj9ioB9qPF0oJMwX7s8mf6sPYrz84x/Dx1PGF3/0EaQ=="],

    "undici-types": ["undici-types@7.18.2", "", {}, "sha512-AsuCzffGHJybSaRrmr5eHr81mwJU3kjw6M+uprWvCXiNeN9SOGwQ3Jn8jb8m3Z6izVgknn1R0FTCEAP2QrLY/w=="],
  }
}
